
Microsoft Visual Studio Solution File, Format Version 12.00
# Visual Studio Version 17
VisualStudioVersion = 17.0.31912.275
MinimumVisualStudioVersion = 10.0.40219.1
Project("{9A19103F-16F7-4668-BE54-9A1E7A4F7556}") = "Quixo", "Quixo.csproj", "{2D4566A6-726E-4878-8E66-384783AFE2EC}"
EndProject
Project("{2150E333-8FDC-42A3-9474-1A3956D46DE8}") = "Solution Items", "Solution Items", "{E0F45F94-8C14-42A2-B8EA-3920D173BD28}"
	ProjectSection(SolutionItems) = preProject
		Board.cs = Board.cs
	EndProjectSection
EndProject
Project("{FAE04EC0-301F-11D3-BF4B-00C04F79EFBC}") = "Quixo.Tests", "..\Quixo.Tests\Quixo.Tests.csproj", "{C568D143-2050-4C1D-92BE-1763FFC7B337}"
EndProject
Global
	GlobalSection(SolutionConfigurationPlatforms) = preSolution
		Debug|Any CPU = Debug|Any CPU
		Release|Any CPU = Release|Any CPU
	EndGlobalSection
	GlobalSection(ProjectConfigurationPlatforms) = postSolution
		{2D4566A6-726E-4878-8E66-384783AFE2EC}.Debug|Any CPU.ActiveCfg = Debug|Any CPU
		{2D4566A6-726E-4878-8E66-384783AFE2EC}.Debug|Any CPU.Build.0 = Debug|Any CPU
		{2D4566A6-726E-4878-8E66-384783AFE2EC}.Release|Any CPU.ActiveCfg = Release|Any CPU
		{2D4566A6-726E-4878-8E66-384783AFE2EC}.Release|Any CPU.Build.0 = Release|Any CPU
		{C568D143-2050-4C1D-92BE-1763FFC7B337}.Debug|Any CPU.ActiveCfg = Debug|Any CPU
		{C568D143-2050-4C1D-92BE-1763FFC7B337}.Debug|Any CPU.Build.0 = Debug|Any CPU
		{C568D143-2050-4C1D-92BE-1763FFC7B337}.Release|Any CPU.ActiveCfg = Release|Any CPU
		{C568D143-2050-4C1D-92BE-1763FFC7B337}.Release|Any CPU.Build.0 = Release|Any CPU
	EndGlobalSection
	GlobalSection(SolutionProperties) = preSolution
		HideSolutionNode = FALSE
	EndGlobalSection
	GlobalSection(ExtensibilityGlobals) = postSolution
		SolutionGuid = {7598308B-BA37-487C-AA35-8C4D43104046}
	EndGlobalSection
EndGlobal
